<?xml version="1.0" encoding="utf-8"?>
<Project ToolsVersion="17.0" xmlns="http://schemas.microsoft.com/developer/msbuild/2003">
  <ItemGroup>
    <CustomBuild Include="C:\Users\hankarun\Desktop\mazeRunner\build\CMakeFiles\cbd68c495a165ba51b32100cf6ffccab\generate.stamp.rule">
      <Filter>CMake Rules</Filter>
    </CustomBuild>
  </ItemGroup>
  <ItemGroup>
    <Filter Include="CMake Rules">
      <UniqueIdentifier>{F5CAD33F-61DE-32A8-A7BA-77474B9C1448}</UniqueIdentifier>
    </Filter>
  </ItemGroup>
</Project>
